Microsoft Visual Studio Solution File, Format Version 12.00
# Visual Studio 2012
Project("{02CF6FC1-FDBA-745F-0C1F-B67438A50844}") = "Game Off 2016", "Assembly-CSharp.csproj", "{D9F397E6-9308-28E9-C1C5-00BC81B98AA7}"
EndProject
Project("{02CF6FC1-FDBA-745F-0C1F-B67438A50844}") = "Game Off 2016", "Assembly-CSharp-Editor-firstpass.csproj", "{1DDE4B2F-6E28-7A1D-B1B1-79944FAF4350}"
EndProject
Global
	GlobalSection(SolutionConfigurationPlatforms) = preSolution
		Debug|Any CPU = Debug|Any CPU
		Release|Any CPU = Release|Any CPU
	EndGlobalSection
	GlobalSection(ProjectConfigurationPlatforms) = postSolution
		{D9F397E6-9308-28E9-C1C5-00BC81B98AA7}.Debug|Any CPU.ActiveCfg = Debug|Any CPU
		{D9F397E6-9308-28E9-C1C5-00BC81B98AA7}.Debug|Any CPU.Build.0 = Debug|Any CPU
		{D9F397E6-9308-28E9-C1C5-00BC81B98AA7}.Release|Any CPU.ActiveCfg = Release|Any CPU
		{D9F397E6-9308-28E9-C1C5-00BC81B98AA7}.Release|Any CPU.Build.0 = Release|Any CPU
		{1DDE4B2F-6E28-7A1D-B1B1-79944FAF4350}.Debug|Any CPU.ActiveCfg = Debug|Any CPU
		{1DDE4B2F-6E28-7A1D-B1B1-79944FAF4350}.Debug|Any CPU.Build.0 = Debug|Any CPU
		{1DDE4B2F-6E28-7A1D-B1B1-79944FAF4350}.Release|Any CPU.ActiveCfg = Release|Any CPU
		{1DDE4B2F-6E28-7A1D-B1B1-79944FAF4350}.Release|Any CPU.Build.0 = Release|Any CPU
	EndGlobalSection
	GlobalSection(MonoDevelopProperties) = preSolution
		StartupItem = Assembly-CSharp.csproj
	EndGlobalSection
EndGlobal
